// !$*UTF8*$!
{
	archiveVersion = 1;
	classes = {
	};
	objectVersion = 46;
	objects = {

/* Begin PBXBuildFile section */
		6DEFD67517674FC8005058B5 /* UIKit.framework in Frameworks */ = {isa = PBXBuildFile; fileRef = 6DEFD67417674FC8005058B5 /* UIKit.framework */; };
		6DEFD67717674FC8005058B5 /* Foundation.framework in Frameworks */ = {isa = PBXBuildFile; fileRef = 6DEFD67617674FC8005058B5 /* Foundation.framework */; };
		6DEFD67917674FC8005058B5 /* CoreGraphics.framework in Frameworks */ = {isa = PBXBuildFile; fileRef = 6DEFD67817674FC8005058B5 /* CoreGraphics.framework */; };
		6DEFD67F17674FC8005058B5 /* InfoPlist.strings in Resources */ = {isa = PBXBuildFile; fileRef = 6DEFD67D17674FC8005058B5 /* InfoPlist.strings */; };
		6DEFD68117674FC8005058B5 /* main.m in Sources */ = {isa = PBXBuildFile; fileRef = 6DEFD68017674FC8005058B5 /* main.m */; };
		6DEFD68517674FC8005058B5 /* AppDelegate.m in Sources */ = {isa = PBXBuildFile; fileRef = 6DEFD68417674FC8005058B5 /* AppDelegate.m */; };
		6DEFD68717674FC8005058B5 /* Default.png in Resources */ = {isa = PBXBuildFile; fileRef = 6DEFD68617674FC8005058B5 /* Default.png */; };
		6DEFD68917674FC8005058B5 /* Default@2x.png in Resources */ = {isa = PBXBuildFile; fileRef = 6DEFD68817674FC8005058B5 /* Default@2x.png */; };
		6DEFD68B17674FC8005058B5 /* Default-568h@2x.png in Resources */ = {isa = PBXBuildFile; fileRef = 6DEFD68A17674FC8005058B5 /* Default-568h@2x.png */; };
		6DEFD68E17674FC8005058B5 /* ViewController.m in Sources */ = {isa = PBXBuildFile; fileRef = 6DEFD68D17674FC8005058B5 /* ViewController.m */; };
		6DEFD69117674FC8005058B5 /* ViewController.xib in Resources */ = {isa = PBXBuildFile; fileRef = 6DEFD68F17674FC8005058B5 /* ViewController.xib */; };
		6DEFD69C17675225005058B5 /* ADCustomTableView.m in Sources */ = {isa = PBXBuildFile; fileRef = 6DEFD69B17675225005058B5 /* ADCustomTableView.m */; };
/* End PBXBuildFile section */

/* Begin PBXFileReference section */
		6DEFD67117674FC8005058B5 /* ADCustomTableView.app */ = {isa = PBXFileReference; explicitFileType = wrapper.application; includeInIndex = 0; path = ADCustomTableView.app; sourceTree = BUILT_PRODUCTS_DIR; };
		6DEFD67417674FC8005058B5 /* UIKit.framework */ = {isa = PBXFileReference; lastKnownFileType = wrapper.framework; name = UIKit.framework; path = System/Library/Frameworks/UIKit.framework; sourceTree = SDKROOT; };
		6DEFD67617674FC8005058B5 /* Foundation.framework */ = {isa = PBXFileReference; lastKnownFileType = wrapper.framework; name = Foundation.framework; path = System/Library/Frameworks/Foundation.framework; sourceTree = SDKROOT; };
		6DEFD67817674FC8005058B5 /* CoreGraphics.framework */ = {isa = PBXFileReference; lastKnownFileType = wrapper.framework; name = CoreGraphics.framework; path = System/Library/Frameworks/CoreGraphics.framework; sourceTree = SDKROOT; };
		6DEFD67C17674FC8005058B5 /* ADCustomTableView-Info.plist */ = {isa = PBXFileReference; lastKnownFileType = text.plist.xml; path = "ADCustomTableView-Info.plist"; sourceTree = "<group>"; };
		6DEFD67E17674FC8005058B5 /* en */ = {isa = PBXFileReference; lastKnownFileType = text.plist.strings; name = en; path = en.lproj/InfoPlist.strings; sourceTree = "<group>"; };
		6DEFD68017674FC8005058B5 /* main.m */ = {isa = PBXFileReference; lastKnownFileType = sourcecode.c.objc; path = main.m; sourceTree = "<group>"; };
		6DEFD68217674FC8005058B5 /* ADCustomTableView-Prefix.pch */ = {isa = PBXFileReference; lastKnownFileType = sourcecode.c.h; path = "ADCustomTableView-Prefix.pch"; sourceTree = "<group>"; };
		6DEFD68317674FC8005058B5 /* AppDelegate.h */ = {isa = PBXFileReference; lastKnownFileType = sourcecode.c.h; path = AppDelegate.h; sourceTree = "<group>"; };
		6DEFD68417674FC8005058B5 /* AppDelegate.m */ = {isa = PBXFileReference; lastKnownFileType = sourcecode.c.objc; path = AppDelegate.m; sourceTree = "<group>"; };
		6DEFD68617674FC8005058B5 /* Default.png */ = {isa = PBXFileReference; lastKnownFileType = image.png; path = Default.png; sourceTree = "<group>"; };
		6DEFD68817674FC8005058B5 /* Default@2x.png */ = {isa = PBXFileReference; lastKnownFileType = image.png; path = "Default@2x.png"; sourceTree = "<group>"; };
		6DEFD68A17674FC8005058B5 /* Default-568h@2x.png */ = {isa = PBXFileReference; lastKnownFileType = image.png; path = "Default-568h@2x.png"; sourceTree = "<group>"; };
		6DEFD68C17674FC8005058B5 /* ViewController.h */ = {isa = PBXFileReference; lastKnownFileType = sourcecode.c.h; path = ViewController.h; sourceTree = "<group>"; };
		6DEFD68D17674FC8005058B5 /* ViewController.m */ = {isa = PBXFileReference; lastKnownFileType = sourcecode.c.objc; path = ViewController.m; sourceTree = "<group>"; };
		6DEFD69017674FC8005058B5 /* en */ = {isa = PBXFileReference; lastKnownFileType = file.xib; name = en; path = en.lproj/ViewController.xib; sourceTree = "<group>"; };
		6DEFD69A17675225005058B5 /* ADCustomTableView.h */ = {isa = PBXFileReference; fileEncoding = 4; lastKnownFileType = sourcecode.c.h; path = ADCustomTableView.h; sourceTree = "<group>"; };
		6DEFD69B17675225005058B5 /* ADCustomTableView.m */ = {isa = PBXFileReference; fileEncoding = 4; lastKnownFileType = sourcecode.c.objc; path = ADCustomTableView.m; sourceTree = "<group>"; };
/* End PBXFileReference section */

/* Begin PBXFrameworksBuildPhase section */
		6DEFD66E17674FC8005058B5 /* Frameworks */ = {
			isa = PBXFrameworksBuildPhase;
			buildActionMask = 2147483647;
			files = (
				6DEFD67517674FC8005058B5 /* UIKit.framework in Frameworks */,
				6DEFD67717674FC8005058B5 /* Foundation.framework in Frameworks */,
				6DEFD67917674FC8005058B5 /* CoreGraphics.framework in Frameworks */,
			);
			runOnlyForDeploymentPostprocessing = 0;
		};
/* End PBXFrameworksBuildPhase section */

/* Begin PBXGroup section */
		6DEFD66817674FC8005058B5 = {
			isa = PBXGroup;
			children = (
				6DEFD67A17674FC8005058B5 /* ADCustomTableView */,
				6DEFD67317674FC8005058B5 /* Frameworks */,
				6DEFD67217674FC8005058B5 /* Products */,
			);
			sourceTree = "<group>";
		};
		6DEFD67217674FC8005058B5 /* Products */ = {
			isa = PBXGroup;
			children = (
				6DEFD67117674FC8005058B5 /* ADCustomTableView.app */,
			);
			name = Products;
			sourceTree = "<group>";
		};
		6DEFD67317674FC8005058B5 /* Frameworks */ = {
			isa = PBXGroup;
			children = (
				6DEFD67417674FC8005058B5 /* UIKit.framework */,
				6DEFD67617674FC8005058B5 /* Foundation.framework */,
				6DEFD67817674FC8005058B5 /* CoreGraphics.framework */,
			);
			name = Frameworks;
			sourceTree = "<group>";
		};
		6DEFD67A17674FC8005058B5 /* ADCustomTableView */ = {
			isa = PBXGroup;
			children = (
				6DEFD68317674FC8005058B5 /* AppDelegate.h */,
				6DEFD68417674FC8005058B5 /* AppDelegate.m */,
				6DEFD68C17674FC8005058B5 /* ViewController.h */,
				6DEFD68D17674FC8005058B5 /* ViewController.m */,
				6DEFD68F17674FC8005058B5 /* ViewController.xib */,
				6DEFD67B17674FC8005058B5 /* Supporting Files */,
				6DEFD69A17675225005058B5 /* ADCustomTableView.h */,
				6DEFD69B17675225005058B5 /* ADCustomTableView.m */,
			);
			path = ADCustomTableView;
			sourceTree = "<group>";
		};
		6DEFD67B17674FC8005058B5 /* Supporting Files */ = {
			isa = PBXGroup;
			children = (
				6DEFD67C17674FC8005058B5 /* ADCustomTableView-Info.plist */,
				6DEFD67D17674FC8005058B5 /* InfoPlist.strings */,
				6DEFD68017674FC8005058B5 /* main.m */,
				6DEFD68217674FC8005058B5 /* ADCustomTableView-Prefix.pch */,
				6DEFD68617674FC8005058B5 /* Default.png */,
				6DEFD68817674FC8005058B5 /* Default@2x.png */,
				6DEFD68A17674FC8005058B5 /* Default-568h@2x.png */,
			);
			name = "Supporting Files";
			sourceTree = "<group>";
		};
/* End PBXGroup section */

/* Begin PBXNativeTarget section */
		6DEFD67017674FC8005058B5 /* ADCustomTableView */ = {
			isa = PBXNativeTarget;
			buildConfigurationList = 6DEFD69417674FC8005058B5 /* Build configuration list for PBXNativeTarget "ADCustomTableView" */;
			buildPhases = (
				6DEFD66D17674FC8005058B5 /* Sources */,
				6DEFD66E17674FC8005058B5 /* Frameworks */,
				6DEFD66F17674FC8005058B5 /* Resources */,
			);
			buildRules = (
			);
			dependencies = (
			);
			name = ADCustomTableView;
			productName = ADCustomTableView;
			productReference = 6DEFD67117674FC8005058B5 /* ADCustomTableView.app */;
			productType = "com.apple.product-type.application";
		};
/* End PBXNativeTarget section */

/* Begin PBXProject section */
		6DEFD66917674FC8005058B5 /* Project object */ = {
			isa = PBXProject;
			attributes = {
				LastUpgradeCheck = 0460;
				ORGANIZATIONNAME = "Anton Domashnev";
			};
			buildConfigurationList = 6DEFD66C17674FC8005058B5 /* Build configuration list for PBXProject "ADCustomTableView" */;
			compatibilityVersion = "Xcode 3.2";
			developmentRegion = English;
			hasScannedForEncodings = 0;
			knownRegions = (
				en,
			);
			mainGroup = 6DEFD66817674FC8005058B5;
			productRefGroup = 6DEFD67217674FC8005058B5 /* Products */;
			projectDirPath = "";
			projectRoot = "";
			targets = (
				6DEFD67017674FC8005058B5 /* ADCustomTableView */,
			);
		};
/* End PBXProject section */

/* Begin PBXResourcesBuildPhase section */
		6DEFD66F17674FC8005058B5 /* Resources */ = {
			isa = PBXResourcesBuildPhase;
			buildActionMask = 2147483647;
			files = (
				6DEFD67F17674FC8005058B5 /* InfoPlist.strings in Resources */,
				6DEFD68717674FC8005058B5 /* Default.png in Resources */,
				6DEFD68917674FC8005058B5 /* Default@2x.png in Resources */,
				6DEFD68B17674FC8005058B5 /* Default-568h@2x.png in Resources */,
				6DEFD69117674FC8005058B5 /* ViewController.xib in Resources */,
			);
			runOnlyForDeploymentPostprocessing = 0;
		};
/* End PBXResourcesBuildPhase section */

/* Begin PBXSourcesBuildPhase section */
		6DEFD66D17674FC8005058B5 /* Sources */ = {
			isa = PBXSourcesBuildPhase;
			buildActionMask = 2147483647;
			files = (
				6DEFD68117674FC8005058B5 /* main.m in Sources */,
				6DEFD68517674FC8005058B5 /* AppDelegate.m in Sources */,
				6DEFD68E17674FC8005058B5 /* ViewController.m in Sources */,
				6DEFD69C17675225005058B5 /* ADCustomTableView.m in Sources */,
			);
			runOnlyForDeploymentPostprocessing = 0;
		};
/* End PBXSourcesBuildPhase section */

/* Begin PBXVariantGroup section */
		6DEFD67D17674FC8005058B5 /* InfoPlist.strings */ = {
			isa = PBXVariantGroup;
			children = (
				6DEFD67E17674FC8005058B5 /* en */,
			);
			name = InfoPlist.strings;
			sourceTree = "<group>";
		};
		6DEFD68F17674FC8005058B5 /* ViewController.xib */ = {
			isa = PBXVariantGroup;
			children = (
				6DEFD69017674FC8005058B5 /* en */,
			);
			name = ViewController.xib;
			sourceTree = "<group>";
		};
/* End PBXVariantGroup section */

/* Begin XCBuildConfiguration section */
		6DEFD69217674FC8005058B5 /* Debug */ = {
			isa = XCBuildConfiguration;
			buildSettings = {
				ALWAYS_SEARCH_USER_PATHS = NO;
				CLANG_CXX_LANGUAGE_STANDARD = "gnu++0x";
				CLANG_CXX_LIBRARY = "libc++";
				CLANG_ENABLE_OBJC_ARC = YES;
				CLANG_WARN_CONSTANT_CONVERSION = YES;
				CLANG_WARN_EMPTY_BODY = YES;
				CLANG_WARN_ENUM_CONVERSION = YES;
				CLANG_WARN_INT_CONVERSION = YES;
				CLANG_WARN__DUPLICATE_METHOD_MATCH = YES;
				"CODE_SIGN_IDENTITY[sdk=iphoneos*]" = "iPhone Developer";
				COPY_PHASE_STRIP = NO;
				GCC_C_LANGUAGE_STANDARD = gnu99;
				GCC_DYNAMIC_NO_PIC = NO;
				GCC_OPTIMIZATION_LEVEL = 0;
				GCC_PREPROCESSOR_DEFINITIONS = (
					"DEBUG=1",
					"$(inherited)",
				);
				GCC_SYMBOLS_PRIVATE_EXTERN = NO;
				GCC_WARN_ABOUT_RETURN_TYPE = YES;
				GCC_WARN_UNINITIALIZED_AUTOS = YES;
				GCC_WARN_UNUSED_VARIABLE = YES;
				IPHONEOS_DEPLOYMENT_TARGET = 6.1;
				ONLY_ACTIVE_ARCH = YES;
				SDKROOT = iphoneos;
			};
			name = Debug;
		};
		6DEFD69317674FC8005058B5 /* Release */ = {
			isa = XCBuildConfiguration;
			buildSettings = {
				ALWAYS_SEARCH_USER_PATHS = NO;
				CLANG_CXX_LANGUAGE_STANDARD = "gnu++0x";
				CLANG_CXX_LIBRARY = "libc++";
				CLANG_ENABLE_OBJC_ARC = YES;
				CLANG_WARN_CONSTANT_CONVERSION = YES;
				CLANG_WARN_EMPTY_BODY = YES;
				CLANG_WARN_ENUM_CONVERSION = YES;
				CLANG_WARN_INT_CONVERSION = YES;
				CLANG_WARN__DUPLICATE_METHOD_MATCH = YES;
				"CODE_SIGN_IDENTITY[sdk=iphoneos*]" = "iPhone Developer";
				COPY_PHASE_STRIP = YES;
				GCC_C_LANGUAGE_STANDARD = gnu99;
				GCC_WARN_ABOUT_RETURN_TYPE = YES;
				GCC_WARN_UNINITIALIZED_AUTOS = YES;
				GCC_WARN_UNUSED_VARIABLE = YES;
				IPHONEOS_DEPLOYMENT_TARGET = 6.1;
				OTHER_CFLAGS = "-DNS_BLOCK_ASSERTIONS=1";
				SDKROOT = iphoneos;
				VALIDATE_PRODUCT = YES;
			};
			name = Release;
		};
		6DEFD69517674FC8005058B5 /* Debug */ = {
			isa = XCBuildConfiguration;
			buildSettings = {
				GCC_PRECOMPILE_PREFIX_HEADER = YES;
				GCC_PREFIX_HEADER = "ADCustomTableView/ADCustomTableView-Prefix.pch";
				INFOPLIST_FILE = "ADCustomTableView/ADCustomTableView-Info.plist";
				PRODUCT_NAME = "$(TARGET_NAME)";
				WRAPPER_EXTENSION = app;
			};
			name = Debug;
		};
		6DEFD69617674FC8005058B5 /* Release */ = {
			isa = XCBuildConfiguration;
			buildSettings = {
				GCC_PRECOMPILE_PREFIX_HEADER = YES;
				GCC_PREFIX_HEADER = "ADCustomTableView/ADCustomTableView-Prefix.pch";
				INFOPLIST_FILE = "ADCustomTableView/ADCustomTableView-Info.plist";
				PRODUCT_NAME = "$(TARGET_NAME)";
				WRAPPER_EXTENSION = app;
			};
			name = Release;
		};
/* End XCBuildConfiguration section */

/* Begin XCConfigurationList section */
		6DEFD66C17674FC8005058B5 /* Build configuration list for PBXProject "ADCustomTableView" */ = {
			isa = XCConfigurationList;
			buildConfigurations = (
				6DEFD69217674FC8005058B5 /* Debug */,
				6DEFD69317674FC8005058B5 /* Release */,
			);
			defaultConfigurationIsVisible = 0;
			defaultConfigurationName = Release;
		};
		6DEFD69417674FC8005058B5 /* Build configuration list for PBXNativeTarget "ADCustomTableView" */ = {
			isa = XCConfigurationList;
			buildConfigurations = (
				6DEFD69517674FC8005058B5 /* Debug */,
				6DEFD69617674FC8005058B5 /* Release */,
			);
			defaultConfigurationIsVisible = 0;
		};
/* End XCConfigurationList section */
	};
	rootObject = 6DEFD66917674FC8005058B5 /* Project object */;
}
